
Microsoft Visual Studio Solution File, Format Version 12.00
# Visual Studio 15
VisualStudioVersion = 15.0.28307.168
MinimumVisualStudioVersion = 10.0.40219.1
Project("{FAE04EC0-301F-11D3-BF4B-00C04F79EFBC}") = "DCP-117", "DCP-117\DCP-117.csproj", "{06A147C5-E18E-43C2-AD22-E6004D94AEF9}"
EndProject
Global
	GlobalSection(SolutionConfigurationPlatforms) = preSolution
		Debug|Any CPU = Debug|Any CPU
		Release|Any CPU = Release|Any CPU
	EndGlobalSection
	GlobalSection(ProjectConfigurationPlatforms) = postSolution
		{06A147C5-E18E-43C2-AD22-E6004D94AEF9}.Debug|Any CPU.ActiveCfg = Debug|Any CPU
		{06A147C5-E18E-43C2-AD22-E6004D94AEF9}.Debug|Any CPU.Build.0 = Debug|Any CPU
		{06A147C5-E18E-43C2-AD22-E6004D94AEF9}.Release|Any CPU.ActiveCfg = Release|Any CPU
		{06A147C5-E18E-43C2-AD22-E6004D94AEF9}.Release|Any CPU.Build.0 = Release|Any CPU
	EndGlobalSection
	GlobalSection(SolutionProperties) = preSolution
		HideSolutionNode = FALSE
	EndGlobalSection
	GlobalSection(ExtensibilityGlobals) = postSolution
		SolutionGuid = {C85A1B33-9288-43AC-BBC9-03F585440263}
	EndGlobalSection
EndGlobal
